
Microsoft Visual Studio Solution File, Format Version 12.00
# Visual Studio Version 16
VisualStudioVersion = 16.0.31005.135
MinimumVisualStudioVersion = 10.0.40219.1
Project("{FAE04EC0-301F-11D3-BF4B-00C04F79EFBC}") = "ClassMetotDemo", "ClassMetotDemo\ClassMetotDemo.csproj", "{FBC580CA-F24E-49F4-A283-590B4DA93F3C}"
EndProject
Global
	GlobalSection(SolutionConfigurationPlatforms) = preSolution
		Debug|Any CPU = Debug|Any CPU
		Release|Any CPU = Release|Any CPU
	EndGlobalSection
	GlobalSection(ProjectConfigurationPlatforms) = postSolution
		{FBC580CA-F24E-49F4-A283-590B4DA93F3C}.Debug|Any CPU.ActiveCfg = Debug|Any CPU
		{FBC580CA-F24E-49F4-A283-590B4DA93F3C}.Debug|Any CPU.Build.0 = Debug|Any CPU
		{FBC580CA-F24E-49F4-A283-590B4DA93F3C}.Release|Any CPU.ActiveCfg = Release|Any CPU
		{FBC580CA-F24E-49F4-A283-590B4DA93F3C}.Release|Any CPU.Build.0 = Release|Any CPU
	EndGlobalSection
	GlobalSection(SolutionProperties) = preSolution
		HideSolutionNode = FALSE
	EndGlobalSection
	GlobalSection(ExtensibilityGlobals) = postSolution
		SolutionGuid = {25D76418-F486-47D2-8019-A071E79D590E}
	EndGlobalSection
EndGlobal
